
Microsoft Visual Studio Solution File, Format Version 12.00
Project("{FAE04EC0-301F-11D3-BF4B-00C04F79EFBC}") = "Speckle.GSharkConverter", "Speckle.GSharkConverter\Speckle.GSharkConverter.csproj", "{CA8DCD51-CAB5-48E0-948C-7918F9DB0192}"
EndProject
Global
	GlobalSection(SolutionConfigurationPlatforms) = preSolution
		Debug|Any CPU = Debug|Any CPU
		Release|Any CPU = Release|Any CPU
	EndGlobalSection
	GlobalSection(ProjectConfigurationPlatforms) = postSolution
		{CA8DCD51-CAB5-48E0-948C-7918F9DB0192}.Debug|Any CPU.ActiveCfg = Debug|Any CPU
		{CA8DCD51-CAB5-48E0-948C-7918F9DB0192}.Debug|Any CPU.Build.0 = Debug|Any CPU
		{CA8DCD51-CAB5-48E0-948C-7918F9DB0192}.Release|Any CPU.ActiveCfg = Release|Any CPU
		{CA8DCD51-CAB5-48E0-948C-7918F9DB0192}.Release|Any CPU.Build.0 = Release|Any CPU
	EndGlobalSection
EndGlobal
